
Microsoft Visual Studio Solution File, Format Version 12.00
# Visual Studio Version 16
VisualStudioVersion = 16.0.30204.135
MinimumVisualStudioVersion = 10.0.40219.1
Project("{FAE04EC0-301F-11D3-BF4B-00C04F79EFBC}") = "LP.API", "LP.API\LP.API.csproj", "{829EF3B2-8C9A-4C09-8A32-B53EB533BE60}"
EndProject
Project("{FAE04EC0-301F-11D3-BF4B-00C04F79EFBC}") = "LP.Datalayer", "LP.Datalayer\LP.Datalayer.csproj", "{205843BB-77D2-4A3F-AF8C-76BCC8F4E808}"
EndProject
Global
	GlobalSection(SolutionConfigurationPlatforms) = preSolution
		Debug|Any CPU = Debug|Any CPU
		Release|Any CPU = Release|Any CPU
	EndGlobalSection
	GlobalSection(ProjectConfigurationPlatforms) = postSolution
		{829EF3B2-8C9A-4C09-8A32-B53EB533BE60}.Debug|Any CPU.ActiveCfg = Debug|Any CPU
		{829EF3B2-8C9A-4C09-8A32-B53EB533BE60}.Debug|Any CPU.Build.0 = Debug|Any CPU
		{829EF3B2-8C9A-4C09-8A32-B53EB533BE60}.Release|Any CPU.ActiveCfg = Release|Any CPU
		{829EF3B2-8C9A-4C09-8A32-B53EB533BE60}.Release|Any CPU.Build.0 = Release|Any CPU
		{205843BB-77D2-4A3F-AF8C-76BCC8F4E808}.Debug|Any CPU.ActiveCfg = Debug|Any CPU
		{205843BB-77D2-4A3F-AF8C-76BCC8F4E808}.Debug|Any CPU.Build.0 = Debug|Any CPU
		{205843BB-77D2-4A3F-AF8C-76BCC8F4E808}.Release|Any CPU.ActiveCfg = Release|Any CPU
		{205843BB-77D2-4A3F-AF8C-76BCC8F4E808}.Release|Any CPU.Build.0 = Release|Any CPU
	EndGlobalSection
	GlobalSection(SolutionProperties) = preSolution
		HideSolutionNode = FALSE
	EndGlobalSection
	GlobalSection(ExtensibilityGlobals) = postSolution
		SolutionGuid = {7F9392F3-F903-4912-9DB7-32721916DA95}
	EndGlobalSection
EndGlobal
